
Microsoft Visual Studio Solution File, Format Version 12.00
# Visual Studio Version 16
VisualStudioVersion = 16.0.31624.102
MinimumVisualStudioVersion = 10.0.40219.1
Project("{FAE04EC0-301F-11D3-BF4B-00C04F79EFBC}") = "EmployeePayroll_UsingThreads", "EmployeePayroll_UsingThreads\EmployeePayroll_UsingThreads.csproj", "{DD55A2F5-C9B7-4F64-8AA9-B73CB346DDC2}"
EndProject
Project("{FAE04EC0-301F-11D3-BF4B-00C04F79EFBC}") = "EmployeePayroll_Test", "EmployeePayroll_Test\EmployeePayroll_Test.csproj", "{451F03A3-C40C-4AB3-B1DA-7A43080B6DE9}"
EndProject
Global
	GlobalSection(SolutionConfigurationPlatforms) = preSolution
		Debug|Any CPU = Debug|Any CPU
		Release|Any CPU = Release|Any CPU
	EndGlobalSection
	GlobalSection(ProjectConfigurationPlatforms) = postSolution
		{DD55A2F5-C9B7-4F64-8AA9-B73CB346DDC2}.Debug|Any CPU.ActiveCfg = Debug|Any CPU
		{DD55A2F5-C9B7-4F64-8AA9-B73CB346DDC2}.Debug|Any CPU.Build.0 = Debug|Any CPU
		{DD55A2F5-C9B7-4F64-8AA9-B73CB346DDC2}.Release|Any CPU.ActiveCfg = Release|Any CPU
		{DD55A2F5-C9B7-4F64-8AA9-B73CB346DDC2}.Release|Any CPU.Build.0 = Release|Any CPU
		{451F03A3-C40C-4AB3-B1DA-7A43080B6DE9}.Debug|Any CPU.ActiveCfg = Debug|Any CPU
		{451F03A3-C40C-4AB3-B1DA-7A43080B6DE9}.Debug|Any CPU.Build.0 = Debug|Any CPU
		{451F03A3-C40C-4AB3-B1DA-7A43080B6DE9}.Release|Any CPU.ActiveCfg = Release|Any CPU
		{451F03A3-C40C-4AB3-B1DA-7A43080B6DE9}.Release|Any CPU.Build.0 = Release|Any CPU
	EndGlobalSection
	GlobalSection(SolutionProperties) = preSolution
		HideSolutionNode = FALSE
	EndGlobalSection
	GlobalSection(ExtensibilityGlobals) = postSolution
		SolutionGuid = {39550A22-EBDC-4ADE-829C-E0096F886B70}
	EndGlobalSection
EndGlobal
